// !$*UTF8*$!
{
	archiveVersion = 1;
	classes = {
	};
	objectVersion = 48;
	objects = {

/* Begin PBXBuildFile section */
		C032ECA81FA272E40001AB78 /* Colors.swift in Sources */ = {isa = PBXBuildFile; fileRef = C032ECA71FA272E40001AB78 /* Colors.swift */; };
		C032ECAA1FA27D310001AB78 /* HeartBeatViewController.swift in Sources */ = {isa = PBXBuildFile; fileRef = C032ECA91FA27D310001AB78 /* HeartBeatViewController.swift */; };
		C032ECAC1FA280960001AB78 /* MyScene.sks in Resources */ = {isa = PBXBuildFile; fileRef = C032ECAB1FA280960001AB78 /* MyScene.sks */; };
		C032ECAE1FA2B26E0001AB78 /* GlobalVariables.swift in Sources */ = {isa = PBXBuildFile; fileRef = C032ECAD1FA2B26E0001AB78 /* GlobalVariables.swift */; };
		C032ECB11FA3976F0001AB78 /* TableViewController.swift in Sources */ = {isa = PBXBuildFile; fileRef = C032ECB01FA3976F0001AB78 /* TableViewController.swift */; };
		C032ECB31FA3A0310001AB78 /* Buffer.swift in Sources */ = {isa = PBXBuildFile; fileRef = C032ECB21FA3A0310001AB78 /* Buffer.swift */; };
		C032ECB91FA3A57A0001AB78 /* FFTHelper.m in Sources */ = {isa = PBXBuildFile; fileRef = C032ECB61FA3A57A0001AB78 /* FFTHelper.m */; };
		C032ECBA1FA3A57A0001AB78 /* PeakFinder.m in Sources */ = {isa = PBXBuildFile; fileRef = C032ECB81FA3A57A0001AB78 /* PeakFinder.m */; };
		C032ECBC1FA3A97D0001AB78 /* Bulb.sks in Resources */ = {isa = PBXBuildFile; fileRef = C032ECBB1FA3A97D0001AB78 /* Bulb.sks */; };
		C032ECC01FA3A9F30001AB78 /* LDRScene.swift in Sources */ = {isa = PBXBuildFile; fileRef = C032ECBF1FA3A9F30001AB78 /* LDRScene.swift */; };
		C032ECC21FA3AA040001AB78 /* LDRScene.sks in Resources */ = {isa = PBXBuildFile; fileRef = C032ECC11FA3AA040001AB78 /* LDRScene.sks */; };
		C032ECC41FA3AC3E0001AB78 /* LDRViewController.swift in Sources */ = {isa = PBXBuildFile; fileRef = C032ECC31FA3AC3E0001AB78 /* LDRViewController.swift */; };
		C08BAAAD1F9FFA6400A75649 /* MyScene.swift in Sources */ = {isa = PBXBuildFile; fileRef = C08BAAAC1F9FFA6400A75649 /* MyScene.swift */; };
		C0F8EBB91F9EA96600635830 /* AppDelegate.swift in Sources */ = {isa = PBXBuildFile; fileRef = C0F8EBB81F9EA96600635830 /* AppDelegate.swift */; };
		C0F8EBBB1F9EA96600635830 /* ViewController.swift in Sources */ = {isa = PBXBuildFile; fileRef = C0F8EBBA1F9EA96600635830 /* ViewController.swift */; };
		C0F8EBBE1F9EA96600635830 /* Main.storyboard in Resources */ = {isa = PBXBuildFile; fileRef = C0F8EBBC1F9EA96600635830 /* Main.storyboard */; };
		C0F8EBC01F9EA96600635830 /* Assets.xcassets in Resources */ = {isa = PBXBuildFile; fileRef = C0F8EBBF1F9EA96600635830 /* Assets.xcassets */; };
		C0F8EBC31F9EA96600635830 /* LaunchScreen.storyboard in Resources */ = {isa = PBXBuildFile; fileRef = C0F8EBC11F9EA96600635830 /* LaunchScreen.storyboard */; };
		C0F8EBCE1F9EA96600635830 /* ArduinoLabTests.swift in Sources */ = {isa = PBXBuildFile; fileRef = C0F8EBCD1F9EA96600635830 /* ArduinoLabTests.swift */; };
		C0F8EBD91F9EA96600635830 /* ArduinoLabUITests.swift in Sources */ = {isa = PBXBuildFile; fileRef = C0F8EBD81F9EA96600635830 /* ArduinoLabUITests.swift */; };
		C0F8EBE71F9EAABB00635830 /* BLE.swift in Sources */ = {isa = PBXBuildFile; fileRef = C0F8EBE61F9EAABB00635830 /* BLE.swift */; };
/* End PBXBuildFile section */

/* Begin PBXContainerItemProxy section */
		C0F8EBCA1F9EA96600635830 /* PBXContainerItemProxy */ = {
			isa = PBXContainerItemProxy;
			containerPortal = C0F8EBAD1F9EA96600635830 /* Project object */;
			proxyType = 1;
			remoteGlobalIDString = C0F8EBB41F9EA96600635830;
			remoteInfo = ArduinoLab;
		};
		C0F8EBD51F9EA96600635830 /* PBXContainerItemProxy */ = {
			isa = PBXContainerItemProxy;
			containerPortal = C0F8EBAD1F9EA96600635830 /* Project object */;
			proxyType = 1;
			remoteGlobalIDString = C0F8EBB41F9EA96600635830;
			remoteInfo = ArduinoLab;
		};
/* End PBXContainerItemProxy section */

/* Begin PBXFileReference section */
		C032ECA71FA272E40001AB78 /* Colors.swift */ = {isa = PBXFileReference; lastKnownFileType = sourcecode.swift; path = Colors.swift; sourceTree = "<group>"; };
		C032ECA91FA27D310001AB78 /* HeartBeatViewController.swift */ = {isa = PBXFileReference; lastKnownFileType = sourcecode.swift; path = HeartBeatViewController.swift; sourceTree = "<group>"; };
		C032ECAB1FA280960001AB78 /* MyScene.sks */ = {isa = PBXFileReference; lastKnownFileType = file.sks; path = MyScene.sks; sourceTree = "<group>"; };
		C032ECAD1FA2B26E0001AB78 /* GlobalVariables.swift */ = {isa = PBXFileReference; lastKnownFileType = sourcecode.swift; path = GlobalVariables.swift; sourceTree = "<group>"; };
		C032ECB01FA3976F0001AB78 /* TableViewController.swift */ = {isa = PBXFileReference; lastKnownFileType = sourcecode.swift; path = TableViewController.swift; sourceTree = "<group>"; };
		C032ECB21FA3A0310001AB78 /* Buffer.swift */ = {isa = PBXFileReference; lastKnownFileType = sourcecode.swift; path = Buffer.swift; sourceTree = "<group>"; };
		C032ECB41FA3A5790001AB78 /* ArduinoLab-Bridging-Header.h */ = {isa = PBXFileReference; lastKnownFileType = sourcecode.c.h; path = "ArduinoLab-Bridging-Header.h"; sourceTree = "<group>"; };
		C032ECB51FA3A57A0001AB78 /* PeakFinder.h */ = {isa = PBXFileReference; fileEncoding = 4; lastKnownFileType = sourcecode.c.h; path = PeakFinder.h; sourceTree = "<group>"; };
		C032ECB61FA3A57A0001AB78 /* FFTHelper.m */ = {isa = PBXFileReference; fileEncoding = 4; lastKnownFileType = sourcecode.c.objc; path = FFTHelper.m; sourceTree = "<group>"; };
		C032ECB71FA3A57A0001AB78 /* FFTHelper.h */ = {isa = PBXFileReference; fileEncoding = 4; lastKnownFileType = sourcecode.c.h; path = FFTHelper.h; sourceTree = "<group>"; };
		C032ECB81FA3A57A0001AB78 /* PeakFinder.m */ = {isa = PBXFileReference; fileEncoding = 4; lastKnownFileType = sourcecode.c.objc; path = PeakFinder.m; sourceTree = "<group>"; };
		C032ECBB1FA3A97D0001AB78 /* Bulb.sks */ = {isa = PBXFileReference; lastKnownFileType = file.sks; path = Bulb.sks; sourceTree = "<group>"; };
		C032ECBF1FA3A9F30001AB78 /* LDRScene.swift */ = {isa = PBXFileReference; lastKnownFileType = sourcecode.swift; path = LDRScene.swift; sourceTree = "<group>"; };
		C032ECC11FA3AA040001AB78 /* LDRScene.sks */ = {isa = PBXFileReference; lastKnownFileType = file.sks; path = LDRScene.sks; sourceTree = "<group>"; };
		C032ECC31FA3AC3E0001AB78 /* LDRViewController.swift */ = {isa = PBXFileReference; fileEncoding = 4; lastKnownFileType = sourcecode.swift; path = LDRViewController.swift; sourceTree = "<group>"; };
		C08BAAAC1F9FFA6400A75649 /* MyScene.swift */ = {isa = PBXFileReference; lastKnownFileType = sourcecode.swift; path = MyScene.swift; sourceTree = "<group>"; };
		C0F8EBB51F9EA96600635830 /* ArduinoLab.app */ = {isa = PBXFileReference; explicitFileType = wrapper.application; includeInIndex = 0; path = ArduinoLab.app; sourceTree = BUILT_PRODUCTS_DIR; };
		C0F8EBB81F9EA96600635830 /* AppDelegate.swift */ = {isa = PBXFileReference; lastKnownFileType = sourcecode.swift; path = AppDelegate.swift; sourceTree = "<group>"; };
		C0F8EBBA1F9EA96600635830 /* ViewController.swift */ = {isa = PBXFileReference; lastKnownFileType = sourcecode.swift; path = ViewController.swift; sourceTree = "<group>"; };
		C0F8EBBD1F9EA96600635830 /* Base */ = {isa = PBXFileReference; lastKnownFileType = file.storyboard; name = Base; path = Base.lproj/Main.storyboard; sourceTree = "<group>"; };
		C0F8EBBF1F9EA96600635830 /* Assets.xcassets */ = {isa = PBXFileReference; lastKnownFileType = folder.assetcatalog; path = Assets.xcassets; sourceTree = "<group>"; };
		C0F8EBC21F9EA96600635830 /* Base */ = {isa = PBXFileReference; lastKnownFileType = file.storyboard; name = Base; path = Base.lproj/LaunchScreen.storyboard; sourceTree = "<group>"; };
		C0F8EBC41F9EA96600635830 /* Info.plist */ = {isa = PBXFileReference; lastKnownFileType = text.plist.xml; path = Info.plist; sourceTree = "<group>"; };
		C0F8EBC91F9EA96600635830 /* ArduinoLabTests.xctest */ = {isa = PBXFileReference; explicitFileType = wrapper.cfbundle; includeInIndex = 0; path = ArduinoLabTests.xctest; sourceTree = BUILT_PRODUCTS_DIR; };
		C0F8EBCD1F9EA96600635830 /* ArduinoLabTests.swift */ = {isa = PBXFileReference; lastKnownFileType = sourcecode.swift; path = ArduinoLabTests.swift; sourceTree = "<group>"; };
		C0F8EBCF1F9EA96600635830 /* Info.plist */ = {isa = PBXFileReference; lastKnownFileType = text.plist.xml; path = Info.plist; sourceTree = "<group>"; };
		C0F8EBD41F9EA96600635830 /* ArduinoLabUITests.xctest */ = {isa = PBXFileReference; explicitFileType = wrapper.cfbundle; includeInIndex = 0; path = ArduinoLabUITests.xctest; sourceTree = BUILT_PRODUCTS_DIR; };
		C0F8EBD81F9EA96600635830 /* ArduinoLabUITests.swift */ = {isa = PBXFileReference; lastKnownFileType = sourcecode.swift; path = ArduinoLabUITests.swift; sourceTree = "<group>"; };
		C0F8EBDA1F9EA96600635830 /* Info.plist */ = {isa = PBXFileReference; lastKnownFileType = text.plist.xml; path = Info.plist; sourceTree = "<group>"; };
		C0F8EBE61F9EAABB00635830 /* BLE.swift */ = {isa = PBXFileReference; lastKnownFileType = sourcecode.swift; path = BLE.swift; sourceTree = "<group>"; };
/* End PBXFileReference section */

/* Begin PBXFrameworksBuildPhase section */
		C0F8EBB21F9EA96600635830 /* Frameworks */ = {
			isa = PBXFrameworksBuildPhase;
			buildActionMask = 2147483647;
			files = (
			);
			runOnlyForDeploymentPostprocessing = 0;
		};
		C0F8EBC61F9EA96600635830 /* Frameworks */ = {
			isa = PBXFrameworksBuildPhase;
			buildActionMask = 2147483647;
			files = (
			);
			runOnlyForDeploymentPostprocessing = 0;
		};
		C0F8EBD11F9EA96600635830 /* Frameworks */ = {
			isa = PBXFrameworksBuildPhase;
			buildActionMask = 2147483647;
			files = (
			);
			runOnlyForDeploymentPostprocessing = 0;
		};
/* End PBXFrameworksBuildPhase section */

/* Begin PBXGroup section */
		C0F8EBAC1F9EA96600635830 = {
			isa = PBXGroup;
			children = (
				C0F8EBB71F9EA96600635830 /* ArduinoLab */,
				C0F8EBCC1F9EA96600635830 /* ArduinoLabTests */,
				C0F8EBD71F9EA96600635830 /* ArduinoLabUITests */,
				C0F8EBB61F9EA96600635830 /* Products */,
			);
			sourceTree = "<group>";
		};
		C0F8EBB61F9EA96600635830 /* Products */ = {
			isa = PBXGroup;
			children = (
				C0F8EBB51F9EA96600635830 /* ArduinoLab.app */,
				C0F8EBC91F9EA96600635830 /* ArduinoLabTests.xctest */,
				C0F8EBD41F9EA96600635830 /* ArduinoLabUITests.xctest */,
			);
			name = Products;
			sourceTree = "<group>";
		};
		C0F8EBB71F9EA96600635830 /* ArduinoLab */ = {
			isa = PBXGroup;
			children = (
				C032ECC31FA3AC3E0001AB78 /* LDRViewController.swift */,
				C0F8EBB81F9EA96600635830 /* AppDelegate.swift */,
				C0F8EBBA1F9EA96600635830 /* ViewController.swift */,
				C0F8EBBC1F9EA96600635830 /* Main.storyboard */,
				C0F8EBBF1F9EA96600635830 /* Assets.xcassets */,
				C0F8EBC11F9EA96600635830 /* LaunchScreen.storyboard */,
				C0F8EBC41F9EA96600635830 /* Info.plist */,
				C0F8EBE61F9EAABB00635830 /* BLE.swift */,
				C08BAAAC1F9FFA6400A75649 /* MyScene.swift */,
				C032ECA71FA272E40001AB78 /* Colors.swift */,
				C032ECA91FA27D310001AB78 /* HeartBeatViewController.swift */,
				C032ECAB1FA280960001AB78 /* MyScene.sks */,
				C032ECAD1FA2B26E0001AB78 /* GlobalVariables.swift */,
				C032ECB01FA3976F0001AB78 /* TableViewController.swift */,
				C032ECB71FA3A57A0001AB78 /* FFTHelper.h */,
				C032ECB61FA3A57A0001AB78 /* FFTHelper.m */,
				C032ECB51FA3A57A0001AB78 /* PeakFinder.h */,
				C032ECB81FA3A57A0001AB78 /* PeakFinder.m */,
				C032ECB21FA3A0310001AB78 /* Buffer.swift */,
				C032ECB41FA3A5790001AB78 /* ArduinoLab-Bridging-Header.h */,
				C032ECBB1FA3A97D0001AB78 /* Bulb.sks */,
				C032ECBF1FA3A9F30001AB78 /* LDRScene.swift */,
				C032ECC11FA3AA040001AB78 /* LDRScene.sks */,
			);
			path = ArduinoLab;
			sourceTree = "<group>";
		};
		C0F8EBCC1F9EA96600635830 /* ArduinoLabTests */ = {
			isa = PBXGroup;
			children = (
				C0F8EBCD1F9EA96600635830 /* ArduinoLabTests.swift */,
				C0F8EBCF1F9EA96600635830 /* Info.plist */,
			);
			path = ArduinoLabTests;
			sourceTree = "<group>";
		};
		C0F8EBD71F9EA96600635830 /* ArduinoLabUITests */ = {
			isa = PBXGroup;
			children = (
				C0F8EBD81F9EA96600635830 /* ArduinoLabUITests.swift */,
				C0F8EBDA1F9EA96600635830 /* Info.plist */,
			);
			path = ArduinoLabUITests;
			sourceTree = "<group>";
		};
/* End PBXGroup section */

/* Begin PBXNativeTarget section */
		C0F8EBB41F9EA96600635830 /* ArduinoLab */ = {
			isa = PBXNativeTarget;
			buildConfigurationList = C0F8EBDD1F9EA96600635830 /* Build configuration list for PBXNativeTarget "ArduinoLab" */;
			buildPhases = (
				C0F8EBB11F9EA96600635830 /* Sources */,
				C0F8EBB21F9EA96600635830 /* Frameworks */,
				C0F8EBB31F9EA96600635830 /* Resources */,
			);
			buildRules = (
			);
			dependencies = (
			);
			name = ArduinoLab;
			productName = ArduinoLab;
			productReference = C0F8EBB51F9EA96600635830 /* ArduinoLab.app */;
			productType = "com.apple.product-type.application";
		};
		C0F8EBC81F9EA96600635830 /* ArduinoLabTests */ = {
			isa = PBXNativeTarget;
			buildConfigurationList = C0F8EBE01F9EA96600635830 /* Build configuration list for PBXNativeTarget "ArduinoLabTests" */;
			buildPhases = (
				C0F8EBC51F9EA96600635830 /* Sources */,
				C0F8EBC61F9EA96600635830 /* Frameworks */,
				C0F8EBC71F9EA96600635830 /* Resources */,
			);
			buildRules = (
			);
			dependencies = (
				C0F8EBCB1F9EA96600635830 /* PBXTargetDependency */,
			);
			name = ArduinoLabTests;
			productName = ArduinoLabTests;
			productReference = C0F8EBC91F9EA96600635830 /* ArduinoLabTests.xctest */;
			productType = "com.apple.product-type.bundle.unit-test";
		};
		C0F8EBD31F9EA96600635830 /* ArduinoLabUITests */ = {
			isa = PBXNativeTarget;
			buildConfigurationList = C0F8EBE31F9EA96600635830 /* Build configuration list for PBXNativeTarget "ArduinoLabUITests" */;
			buildPhases = (
				C0F8EBD01F9EA96600635830 /* Sources */,
				C0F8EBD11F9EA96600635830 /* Frameworks */,
				C0F8EBD21F9EA96600635830 /* Resources */,
			);
			buildRules = (
			);
			dependencies = (
				C0F8EBD61F9EA96600635830 /* PBXTargetDependency */,
			);
			name = ArduinoLabUITests;
			productName = ArduinoLabUITests;
			productReference = C0F8EBD41F9EA96600635830 /* ArduinoLabUITests.xctest */;
			productType = "com.apple.product-type.bundle.ui-testing";
		};
/* End PBXNativeTarget section */

/* Begin PBXProject section */
		C0F8EBAD1F9EA96600635830 /* Project object */ = {
			isa = PBXProject;
			attributes = {
				LastSwiftUpdateCheck = 0900;
				LastUpgradeCheck = 0900;
				ORGANIZATIONNAME = Leyva_Phadate;
				TargetAttributes = {
					C0F8EBB41F9EA96600635830 = {
						CreatedOnToolsVersion = 9.0.1;
						LastSwiftMigration = 0900;
						ProvisioningStyle = Automatic;
					};
					C0F8EBC81F9EA96600635830 = {
						CreatedOnToolsVersion = 9.0.1;
						ProvisioningStyle = Automatic;
						TestTargetID = C0F8EBB41F9EA96600635830;
					};
					C0F8EBD31F9EA96600635830 = {
						CreatedOnToolsVersion = 9.0.1;
						ProvisioningStyle = Automatic;
						TestTargetID = C0F8EBB41F9EA96600635830;
					};
				};
			};
			buildConfigurationList = C0F8EBB01F9EA96600635830 /* Build configuration list for PBXProject "ArduinoLab" */;
			compatibilityVersion = "Xcode 8.0";
			developmentRegion = en;
			hasScannedForEncodings = 0;
			knownRegions = (
				en,
				Base,
			);
			mainGroup = C0F8EBAC1F9EA96600635830;
			productRefGroup = C0F8EBB61F9EA96600635830 /* Products */;
			projectDirPath = "";
			projectRoot = "";
			targets = (
				C0F8EBB41F9EA96600635830 /* ArduinoLab */,
				C0F8EBC81F9EA96600635830 /* ArduinoLabTests */,
				C0F8EBD31F9EA96600635830 /* ArduinoLabUITests */,
			);
		};
/* End PBXProject section */

/* Begin PBXResourcesBuildPhase section */
		C0F8EBB31F9EA96600635830 /* Resources */ = {
			isa = PBXResourcesBuildPhase;
			buildActionMask = 2147483647;
			files = (
				C0F8EBC31F9EA96600635830 /* LaunchScreen.storyboard in Resources */,
				C032ECC21FA3AA040001AB78 /* LDRScene.sks in Resources */,
				C0F8EBC01F9EA96600635830 /* Assets.xcassets in Resources */,
				C032ECAC1FA280960001AB78 /* MyScene.sks in Resources */,
				C032ECBC1FA3A97D0001AB78 /* Bulb.sks in Resources */,
				C0F8EBBE1F9EA96600635830 /* Main.storyboard in Resources */,
			);
			runOnlyForDeploymentPostprocessing = 0;
		};
		C0F8EBC71F9EA96600635830 /* Resources */ = {
			isa = PBXResourcesBuildPhase;
			buildActionMask = 2147483647;
			files = (
			);
			runOnlyForDeploymentPostprocessing = 0;
		};
		C0F8EBD21F9EA96600635830 /* Resources */ = {
			isa = PBXResourcesBuildPhase;
			buildActionMask = 2147483647;
			files = (
			);
			runOnlyForDeploymentPostprocessing = 0;
		};
/* End PBXResourcesBuildPhase section */

/* Begin PBXSourcesBuildPhase section */
		C0F8EBB11F9EA96600635830 /* Sources */ = {
			isa = PBXSourcesBuildPhase;
			buildActionMask = 2147483647;
			files = (
				C032ECA81FA272E40001AB78 /* Colors.swift in Sources */,
				C08BAAAD1F9FFA6400A75649 /* MyScene.swift in Sources */,
				C0F8EBBB1F9EA96600635830 /* ViewController.swift in Sources */,
				C032ECB11FA3976F0001AB78 /* TableViewController.swift in Sources */,
				C032ECBA1FA3A57A0001AB78 /* PeakFinder.m in Sources */,
				C0F8EBE71F9EAABB00635830 /* BLE.swift in Sources */,
				C032ECAE1FA2B26E0001AB78 /* GlobalVariables.swift in Sources */,
				C0F8EBB91F9EA96600635830 /* AppDelegate.swift in Sources */,
				C032ECAA1FA27D310001AB78 /* HeartBeatViewController.swift in Sources */,
				C032ECB91FA3A57A0001AB78 /* FFTHelper.m in Sources */,
				C032ECC01FA3A9F30001AB78 /* LDRScene.swift in Sources */,
				C032ECB31FA3A0310001AB78 /* Buffer.swift in Sources */,
				C032ECC41FA3AC3E0001AB78 /* LDRViewController.swift in Sources */,
			);
			runOnlyForDeploymentPostprocessing = 0;
		};
		C0F8EBC51F9EA96600635830 /* Sources */ = {
			isa = PBXSourcesBuildPhase;
			buildActionMask = 2147483647;
			files = (
				C0F8EBCE1F9EA96600635830 /* ArduinoLabTests.swift in Sources */,
			);
			runOnlyForDeploymentPostprocessing = 0;
		};
		C0F8EBD01F9EA96600635830 /* Sources */ = {
			isa = PBXSourcesBuildPhase;
			buildActionMask = 2147483647;
			files = (
				C0F8EBD91F9EA96600635830 /* ArduinoLabUITests.swift in Sources */,
			);
			runOnlyForDeploymentPostprocessing = 0;
		};
/* End PBXSourcesBuildPhase section */

/* Begin PBXTargetDependency section */
		C0F8EBCB1F9EA96600635830 /* PBXTargetDependency */ = {
			isa = PBXTargetDependency;
			target = C0F8EBB41F9EA96600635830 /* ArduinoLab */;
			targetProxy = C0F8EBCA1F9EA96600635830 /* PBXContainerItemProxy */;
		};
		C0F8EBD61F9EA96600635830 /* PBXTargetDependency */ = {
			isa = PBXTargetDependency;
			target = C0F8EBB41F9EA96600635830 /* ArduinoLab */;
			targetProxy = C0F8EBD51F9EA96600635830 /* PBXContainerItemProxy */;
		};
/* End PBXTargetDependency section */

/* Begin PBXVariantGroup section */
		C0F8EBBC1F9EA96600635830 /* Main.storyboard */ = {
			isa = PBXVariantGroup;
			children = (
				C0F8EBBD1F9EA96600635830 /* Base */,
			);
			name = Main.storyboard;
			sourceTree = "<group>";
		};
		C0F8EBC11F9EA96600635830 /* LaunchScreen.storyboard */ = {
			isa = PBXVariantGroup;
			children = (
				C0F8EBC21F9EA96600635830 /* Base */,
			);
			name = LaunchScreen.storyboard;
			sourceTree = "<group>";
		};
/* End PBXVariantGroup section */

/* Begin XCBuildConfiguration section */
		C0F8EBDB1F9EA96600635830 /* Debug */ = {
			isa = XCBuildConfiguration;
			buildSettings = {
				ALWAYS_SEARCH_USER_PATHS = NO;
				CLANG_ANALYZER_NONNULL = YES;
				CLANG_ANALYZER_NUMBER_OBJECT_CONVERSION = YES_AGGRESSIVE;
				CLANG_CXX_LANGUAGE_STANDARD = "gnu++14";
				CLANG_CXX_LIBRARY = "libc++";
				CLANG_ENABLE_MODULES = YES;
				CLANG_ENABLE_OBJC_ARC = YES;
				CLANG_WARN_BLOCK_CAPTURE_AUTORELEASING = YES;
				CLANG_WARN_BOOL_CONVERSION = YES;
				CLANG_WARN_COMMA = YES;
				CLANG_WARN_CONSTANT_CONVERSION = YES;
				CLANG_WARN_DIRECT_OBJC_ISA_USAGE = YES_ERROR;
				CLANG_WARN_DOCUMENTATION_COMMENTS = YES;
				CLANG_WARN_EMPTY_BODY = YES;
				CLANG_WARN_ENUM_CONVERSION = YES;
				CLANG_WARN_INFINITE_RECURSION = YES;
				CLANG_WARN_INT_CONVERSION = YES;
				CLANG_WARN_NON_LITERAL_NULL_CONVERSION = YES;
				CLANG_WARN_OBJC_LITERAL_CONVERSION = YES;
				CLANG_WARN_OBJC_ROOT_CLASS = YES_ERROR;
				CLANG_WARN_RANGE_LOOP_ANALYSIS = YES;
				CLANG_WARN_STRICT_PROTOTYPES = YES;
				CLANG_WARN_SUSPICIOUS_MOVE = YES;
				CLANG_WARN_UNGUARDED_AVAILABILITY = YES_AGGRESSIVE;
				CLANG_WARN_UNREACHABLE_CODE = YES;
				CLANG_WARN__DUPLICATE_METHOD_MATCH = YES;
				CODE_SIGN_IDENTITY = "iPhone Developer";
				COPY_PHASE_STRIP = NO;
				DEBUG_INFORMATION_FORMAT = dwarf;
				ENABLE_STRICT_OBJC_MSGSEND = YES;
				ENABLE_TESTABILITY = YES;
				GCC_C_LANGUAGE_STANDARD = gnu11;
				GCC_DYNAMIC_NO_PIC = NO;
				GCC_NO_COMMON_BLOCKS = YES;
				GCC_OPTIMIZATION_LEVEL = 0;
				GCC_PREPROCESSOR_DEFINITIONS = (
					"DEBUG=1",
					"$(inherited)",
				);
				GCC_WARN_64_TO_32_BIT_CONVERSION = YES;
				GCC_WARN_ABOUT_RETURN_TYPE = YES_ERROR;
				GCC_WARN_UNDECLARED_SELECTOR = YES;
				GCC_WARN_UNINITIALIZED_AUTOS = YES_AGGRESSIVE;
				GCC_WARN_UNUSED_FUNCTION = YES;
				GCC_WARN_UNUSED_VARIABLE = YES;
				IPHONEOS_DEPLOYMENT_TARGET = 11.0;
				MTL_ENABLE_DEBUG_INFO = YES;
				ONLY_ACTIVE_ARCH = YES;
				SDKROOT = iphoneos;
				SWIFT_ACTIVE_COMPILATION_CONDITIONS = DEBUG;
				SWIFT_OPTIMIZATION_LEVEL = "-Onone";
			};
			name = Debug;
		};
		C0F8EBDC1F9EA96600635830 /* Release */ = {
			isa = XCBuildConfiguration;
			buildSettings = {
				ALWAYS_SEARCH_USER_PATHS = NO;
				CLANG_ANALYZER_NONNULL = YES;
				CLANG_ANALYZER_NUMBER_OBJECT_CONVERSION = YES_AGGRESSIVE;
				CLANG_CXX_LANGUAGE_STANDARD = "gnu++14";
				CLANG_CXX_LIBRARY = "libc++";
				CLANG_ENABLE_MODULES = YES;
				CLANG_ENABLE_OBJC_ARC = YES;
				CLANG_WARN_BLOCK_CAPTURE_AUTORELEASING = YES;
				CLANG_WARN_BOOL_CONVERSION = YES;
				CLANG_WARN_COMMA = YES;
				CLANG_WARN_CONSTANT_CONVERSION = YES;
				CLANG_WARN_DIRECT_OBJC_ISA_USAGE = YES_ERROR;
				CLANG_WARN_DOCUMENTATION_COMMENTS = YES;
				CLANG_WARN_EMPTY_BODY = YES;
				CLANG_WARN_ENUM_CONVERSION = YES;
				CLANG_WARN_INFINITE_RECURSION = YES;
				CLANG_WARN_INT_CONVERSION = YES;
				CLANG_WARN_NON_LITERAL_NULL_CONVERSION = YES;
				CLANG_WARN_OBJC_LITERAL_CONVERSION = YES;
				CLANG_WARN_OBJC_ROOT_CLASS = YES_ERROR;
				CLANG_WARN_RANGE_LOOP_ANALYSIS = YES;
				CLANG_WARN_STRICT_PROTOTYPES = YES;
				CLANG_WARN_SUSPICIOUS_MOVE = YES;
				CLANG_WARN_UNGUARDED_AVAILABILITY = YES_AGGRESSIVE;
				CLANG_WARN_UNREACHABLE_CODE = YES;
				CLANG_WARN__DUPLICATE_METHOD_MATCH = YES;
				CODE_SIGN_IDENTITY = "iPhone Developer";
				COPY_PHASE_STRIP = NO;
				DEBUG_INFORMATION_FORMAT = "dwarf-with-dsym";
				ENABLE_NS_ASSERTIONS = NO;
				ENABLE_STRICT_OBJC_MSGSEND = YES;
				GCC_C_LANGUAGE_STANDARD = gnu11;
				GCC_NO_COMMON_BLOCKS = YES;
				GCC_WARN_64_TO_32_BIT_CONVERSION = YES;
				GCC_WARN_ABOUT_RETURN_TYPE = YES_ERROR;
				GCC_WARN_UNDECLARED_SELECTOR = YES;
				GCC_WARN_UNINITIALIZED_AUTOS = YES_AGGRESSIVE;
				GCC_WARN_UNUSED_FUNCTION = YES;
				GCC_WARN_UNUSED_VARIABLE = YES;
				IPHONEOS_DEPLOYMENT_TARGET = 11.0;
				MTL_ENABLE_DEBUG_INFO = NO;
				SDKROOT = iphoneos;
				SWIFT_OPTIMIZATION_LEVEL = "-Owholemodule";
				VALIDATE_PRODUCT = YES;
			};
			name = Release;
		};
		C0F8EBDE1F9EA96600635830 /* Debug */ = {
			isa = XCBuildConfiguration;
			buildSettings = {
				ASSETCATALOG_COMPILER_APPICON_NAME = AppIcon;
				CLANG_ENABLE_MODULES = YES;
				CODE_SIGN_STYLE = Automatic;
				DEVELOPMENT_TEAM = 54AV24VF28;
				INFOPLIST_FILE = ArduinoLab/Info.plist;
				LD_RUNPATH_SEARCH_PATHS = "$(inherited) @executable_path/Frameworks";
				PRODUCT_BUNDLE_IDENTIFIER = com.LeyvaPhadate.ArduinoLab;
				PRODUCT_NAME = "$(TARGET_NAME)";
				SWIFT_OBJC_BRIDGING_HEADER = "ArduinoLab/ArduinoLab-Bridging-Header.h";
				SWIFT_OPTIMIZATION_LEVEL = "-Onone";
				SWIFT_VERSION = 4.0;
				TARGETED_DEVICE_FAMILY = "1,2";
			};
			name = Debug;
		};
		C0F8EBDF1F9EA96600635830 /* Release */ = {
			isa = XCBuildConfiguration;
			buildSettings = {
				ASSETCATALOG_COMPILER_APPICON_NAME = AppIcon;
				CLANG_ENABLE_MODULES = YES;
				CODE_SIGN_STYLE = Automatic;
				DEVELOPMENT_TEAM = 54AV24VF28;
				INFOPLIST_FILE = ArduinoLab/Info.plist;
				LD_RUNPATH_SEARCH_PATHS = "$(inherited) @executable_path/Frameworks";
				PRODUCT_BUNDLE_IDENTIFIER = com.LeyvaPhadate.ArduinoLab;
				PRODUCT_NAME = "$(TARGET_NAME)";
				SWIFT_OBJC_BRIDGING_HEADER = "ArduinoLab/ArduinoLab-Bridging-Header.h";
				SWIFT_VERSION = 4.0;
				TARGETED_DEVICE_FAMILY = "1,2";
			};
			name = Release;
		};
		C0F8EBE11F9EA96600635830 /* Debug */ = {
			isa = XCBuildConfiguration;
			buildSettings = {
				ALWAYS_EMBED_SWIFT_STANDARD_LIBRARIES = YES;
				BUNDLE_LOADER = "$(TEST_HOST)";
				CODE_SIGN_STYLE = Automatic;
				DEVELOPMENT_TEAM = 54AV24VF28;
				INFOPLIST_FILE = ArduinoLabTests/Info.plist;
				LD_RUNPATH_SEARCH_PATHS = "$(inherited) @executable_path/Frameworks @loader_path/Frameworks";
				PRODUCT_BUNDLE_IDENTIFIER = com.LeyvaPhadate.ArduinoLabTests;
				PRODUCT_NAME = "$(TARGET_NAME)";
				SWIFT_VERSION = 4.0;
				TARGETED_DEVICE_FAMILY = "1,2";
				TEST_HOST = "$(BUILT_PRODUCTS_DIR)/ArduinoLab.app/ArduinoLab";
			};
			name = Debug;
		};
		C0F8EBE21F9EA96600635830 /* Release */ = {
			isa = XCBuildConfiguration;
			buildSettings = {
				ALWAYS_EMBED_SWIFT_STANDARD_LIBRARIES = YES;
				BUNDLE_LOADER = "$(TEST_HOST)";
				CODE_SIGN_STYLE = Automatic;
				DEVELOPMENT_TEAM = 54AV24VF28;
				INFOPLIST_FILE = ArduinoLabTests/Info.plist;
				LD_RUNPATH_SEARCH_PATHS = "$(inherited) @executable_path/Frameworks @loader_path/Frameworks";
				PRODUCT_BUNDLE_IDENTIFIER = com.LeyvaPhadate.ArduinoLabTests;
				PRODUCT_NAME = "$(TARGET_NAME)";
				SWIFT_VERSION = 4.0;
				TARGETED_DEVICE_FAMILY = "1,2";
				TEST_HOST = "$(BUILT_PRODUCTS_DIR)/ArduinoLab.app/ArduinoLab";
			};
			name = Release;
		};
		C0F8EBE41F9EA96600635830 /* Debug */ = {
			isa = XCBuildConfiguration;
			buildSettings = {
				ALWAYS_EMBED_SWIFT_STANDARD_LIBRARIES = YES;
				CODE_SIGN_STYLE = Automatic;
				DEVELOPMENT_TEAM = 54AV24VF28;
				INFOPLIST_FILE = ArduinoLabUITests/Info.plist;
				LD_RUNPATH_SEARCH_PATHS = "$(inherited) @executable_path/Frameworks @loader_path/Frameworks";
				PRODUCT_BUNDLE_IDENTIFIER = com.LeyvaPhadate.ArduinoLabUITests;
				PRODUCT_NAME = "$(TARGET_NAME)";
				SWIFT_VERSION = 4.0;
				TARGETED_DEVICE_FAMILY = "1,2";
				TEST_TARGET_NAME = ArduinoLab;
			};
			name = Debug;
		};
		C0F8EBE51F9EA96600635830 /* Release */ = {
			isa = XCBuildConfiguration;
			buildSettings = {
				ALWAYS_EMBED_SWIFT_STANDARD_LIBRARIES = YES;
				CODE_SIGN_STYLE = Automatic;
				DEVELOPMENT_TEAM = 54AV24VF28;
				INFOPLIST_FILE = ArduinoLabUITests/Info.plist;
				LD_RUNPATH_SEARCH_PATHS = "$(inherited) @executable_path/Frameworks @loader_path/Frameworks";
				PRODUCT_BUNDLE_IDENTIFIER = com.LeyvaPhadate.ArduinoLabUITests;
				PRODUCT_NAME = "$(TARGET_NAME)";
				SWIFT_VERSION = 4.0;
				TARGETED_DEVICE_FAMILY = "1,2";
				TEST_TARGET_NAME = ArduinoLab;
			};
			name = Release;
		};
/* End XCBuildConfiguration section */

/* Begin XCConfigurationList section */
		C0F8EBB01F9EA96600635830 /* Build configuration list for PBXProject "ArduinoLab" */ = {
			isa = XCConfigurationList;
			buildConfigurations = (
				C0F8EBDB1F9EA96600635830 /* Debug */,
				C0F8EBDC1F9EA96600635830 /* Release */,
			);
			defaultConfigurationIsVisible = 0;
			defaultConfigurationName = Release;
		};
		C0F8EBDD1F9EA96600635830 /* Build configuration list for PBXNativeTarget "ArduinoLab" */ = {
			isa = XCConfigurationList;
			buildConfigurations = (
				C0F8EBDE1F9EA96600635830 /* Debug */,
				C0F8EBDF1F9EA96600635830 /* Release */,
			);
			defaultConfigurationIsVisible = 0;
			defaultConfigurationName = Release;
		};
		C0F8EBE01F9EA96600635830 /* Build configuration list for PBXNativeTarget "ArduinoLabTests" */ = {
			isa = XCConfigurationList;
			buildConfigurations = (
				C0F8EBE11F9EA96600635830 /* Debug */,
				C0F8EBE21F9EA96600635830 /* Release */,
			);
			defaultConfigurationIsVisible = 0;
			defaultConfigurationName = Release;
		};
		C0F8EBE31F9EA96600635830 /* Build configuration list for PBXNativeTarget "ArduinoLabUITests" */ = {
			isa = XCConfigurationList;
			buildConfigurations = (
				C0F8EBE41F9EA96600635830 /* Debug */,
				C0F8EBE51F9EA96600635830 /* Release */,
			);
			defaultConfigurationIsVisible = 0;
			defaultConfigurationName = Release;
		};
/* End XCConfigurationList section */
	};
	rootObject = C0F8EBAD1F9EA96600635830 /* Project object */;
}
